
Microsoft Visual Studio Solution File, Format Version 12.00
# Visual Studio Version 17
VisualStudioVersion = 17.10.35027.167
MinimumVisualStudioVersion = 10.0.40219.1
Project("{FAE04EC0-301F-11D3-BF4B-00C04F79EFBC}") = "CapstoneApp", "CapstoneApp\CapstoneApp\CapstoneApp.csproj", "{C5A3F3E3-A065-4560-BA78-E11285ADAB42}"
EndProject
Project("{FAE04EC0-301F-11D3-BF4B-00C04F79EFBC}") = "CapstoneApp.Client", "CapstoneApp\CapstoneApp.Client\CapstoneApp.Client.csproj", "{6883A1CF-BBCB-4896-BE38-D314B3E8FB20}"
EndProject
Global
	GlobalSection(SolutionConfigurationPlatforms) = preSolution
		Debug|Any CPU = Debug|Any CPU
		Release|Any CPU = Release|Any CPU
	EndGlobalSection
	GlobalSection(ProjectConfigurationPlatforms) = postSolution
		{C5A3F3E3-A065-4560-BA78-E11285ADAB42}.Debug|Any CPU.ActiveCfg = Debug|Any CPU
		{C5A3F3E3-A065-4560-BA78-E11285ADAB42}.Debug|Any CPU.Build.0 = Debug|Any CPU
		{C5A3F3E3-A065-4560-BA78-E11285ADAB42}.Release|Any CPU.ActiveCfg = Release|Any CPU
		{C5A3F3E3-A065-4560-BA78-E11285ADAB42}.Release|Any CPU.Build.0 = Release|Any CPU
		{6883A1CF-BBCB-4896-BE38-D314B3E8FB20}.Debug|Any CPU.ActiveCfg = Debug|Any CPU
		{6883A1CF-BBCB-4896-BE38-D314B3E8FB20}.Debug|Any CPU.Build.0 = Debug|Any CPU
		{6883A1CF-BBCB-4896-BE38-D314B3E8FB20}.Release|Any CPU.ActiveCfg = Release|Any CPU
		{6883A1CF-BBCB-4896-BE38-D314B3E8FB20}.Release|Any CPU.Build.0 = Release|Any CPU
	EndGlobalSection
	GlobalSection(SolutionProperties) = preSolution
		HideSolutionNode = FALSE
	EndGlobalSection
	GlobalSection(ExtensibilityGlobals) = postSolution
		SolutionGuid = {D13F216B-7B3B-47D0-9EFA-F1857DFC3BF2}
	EndGlobalSection
EndGlobal
